
Microsoft Visual Studio Solution File, Format Version 12.00
# Visual Studio Version 16
VisualStudioVersion = 16.0.29409.12
MinimumVisualStudioVersion = 10.0.40219.1
Project("{FAE04EC0-301F-11D3-BF4B-00C04F79EFBC}") = "MyDiscordBot", "MyDiscordBot\MyDiscordBot.csproj", "{9AD60C63-DEF9-4F6B-A8B7-1F3DCC0D2B78}"
EndProject
Global
	GlobalSection(SolutionConfigurationPlatforms) = preSolution
		Debug|Any CPU = Debug|Any CPU
		Release|Any CPU = Release|Any CPU
	EndGlobalSection
	GlobalSection(ProjectConfigurationPlatforms) = postSolution
		{9AD60C63-DEF9-4F6B-A8B7-1F3DCC0D2B78}.Debug|Any CPU.ActiveCfg = Debug|Any CPU
		{9AD60C63-DEF9-4F6B-A8B7-1F3DCC0D2B78}.Debug|Any CPU.Build.0 = Debug|Any CPU
		{9AD60C63-DEF9-4F6B-A8B7-1F3DCC0D2B78}.Release|Any CPU.ActiveCfg = Release|Any CPU
		{9AD60C63-DEF9-4F6B-A8B7-1F3DCC0D2B78}.Release|Any CPU.Build.0 = Release|Any CPU
	EndGlobalSection
	GlobalSection(SolutionProperties) = preSolution
		HideSolutionNode = FALSE
	EndGlobalSection
	GlobalSection(ExtensibilityGlobals) = postSolution
		SolutionGuid = {4D4D97A6-CC92-4C3A-B6E9-74E547CB19D6}
	EndGlobalSection
EndGlobal
